
Microsoft Visual Studio Solution File, Format Version 12.00
# Visual Studio 2012
Project("{FAE04EC0-301F-11D3-BF4B-00C04F79EFBC}") = "AirlinesWorkDivision-Solution", "AirlinesWorkDivision-Solution\AirlinesWorkDivision-Solution.csproj", "{BF679F29-093E-4CC1-BB0A-3B8FDC1BBB8A}"
EndProject
Global
	GlobalSection(SolutionConfigurationPlatforms) = preSolution
		Debug|Any CPU = Debug|Any CPU
		Release|Any CPU = Release|Any CPU
	EndGlobalSection
	GlobalSection(ProjectConfigurationPlatforms) = postSolution
		{BF679F29-093E-4CC1-BB0A-3B8FDC1BBB8A}.Debug|Any CPU.ActiveCfg = Debug|Any CPU
		{BF679F29-093E-4CC1-BB0A-3B8FDC1BBB8A}.Debug|Any CPU.Build.0 = Debug|Any CPU
		{BF679F29-093E-4CC1-BB0A-3B8FDC1BBB8A}.Release|Any CPU.ActiveCfg = Release|Any CPU
		{BF679F29-093E-4CC1-BB0A-3B8FDC1BBB8A}.Release|Any CPU.Build.0 = Release|Any CPU
	EndGlobalSection
	GlobalSection(SolutionProperties) = preSolution
		HideSolutionNode = FALSE
	EndGlobalSection
EndGlobal
